
Microsoft Visual Studio Solution File, Format Version 12.00
# Visual Studio Version 17
VisualStudioVersion = 17.11.35222.181
MinimumVisualStudioVersion = 10.0.40219.1
Project("{FAE04EC0-301F-11D3-BF4B-00C04F79EFBC}") = "ЛР ТПО (2)", "ЛР ТПО (2)\ЛР ТПО (2).csproj", "{8C0283B7-8CF8-4454-B3AC-A7B5A7403CE2}"
EndProject
Global
	GlobalSection(SolutionConfigurationPlatforms) = preSolution
		Debug|Any CPU = Debug|Any CPU
		Release|Any CPU = Release|Any CPU
	EndGlobalSection
	GlobalSection(ProjectConfigurationPlatforms) = postSolution
		{8C0283B7-8CF8-4454-B3AC-A7B5A7403CE2}.Debug|Any CPU.ActiveCfg = Debug|Any CPU
		{8C0283B7-8CF8-4454-B3AC-A7B5A7403CE2}.Debug|Any CPU.Build.0 = Debug|Any CPU
		{8C0283B7-8CF8-4454-B3AC-A7B5A7403CE2}.Release|Any CPU.ActiveCfg = Release|Any CPU
		{8C0283B7-8CF8-4454-B3AC-A7B5A7403CE2}.Release|Any CPU.Build.0 = Release|Any CPU
	EndGlobalSection
	GlobalSection(SolutionProperties) = preSolution
		HideSolutionNode = FALSE
	EndGlobalSection
	GlobalSection(ExtensibilityGlobals) = postSolution
		SolutionGuid = {F49FCDD4-CF23-4C1A-A275-A66AF1483E8A}
	EndGlobalSection
EndGlobal
